
Microsoft Visual Studio Solution File, Format Version 12.00
# Visual Studio Version 17
VisualStudioVersion = 17.2.32519.379
MinimumVisualStudioVersion = 10.0.40219.1
Project("{FAE04EC0-301F-11D3-BF4B-00C04F79EFBC}") = "FunctionFun", "FunctionFun\FunctionFun.csproj", "{BECE7F73-276E-4334-BF44-D28FE083A207}"
EndProject
Global
	GlobalSection(SolutionConfigurationPlatforms) = preSolution
		Debug|Any CPU = Debug|Any CPU
		Release|Any CPU = Release|Any CPU
	EndGlobalSection
	GlobalSection(ProjectConfigurationPlatforms) = postSolution
		{BECE7F73-276E-4334-BF44-D28FE083A207}.Debug|Any CPU.ActiveCfg = Debug|Any CPU
		{BECE7F73-276E-4334-BF44-D28FE083A207}.Debug|Any CPU.Build.0 = Debug|Any CPU
		{BECE7F73-276E-4334-BF44-D28FE083A207}.Release|Any CPU.ActiveCfg = Release|Any CPU
		{BECE7F73-276E-4334-BF44-D28FE083A207}.Release|Any CPU.Build.0 = Release|Any CPU
	EndGlobalSection
	GlobalSection(SolutionProperties) = preSolution
		HideSolutionNode = FALSE
	EndGlobalSection
	GlobalSection(ExtensibilityGlobals) = postSolution
		SolutionGuid = {5456BF03-07AA-46F4-8013-F481AFFCD54C}
	EndGlobalSection
EndGlobal
